// !$*UTF8*$!
{
	archiveVersion = 1;
	classes = {
	};
	objectVersion = 77;
	objects = {

/* Begin PBXContainerItemProxy section */
		824800F22D2D73D200C4B492 /* PBXContainerItemProxy */ = {
			isa = PBXContainerItemProxy;
			containerPortal = 824800D92D2D73D000C4B492 /* Project object */;
			proxyType = 1;
			remoteGlobalIDString = 824800E02D2D73D000C4B492;
			remoteInfo = AsciiDigitalClock;
		};
		824800FC2D2D73D200C4B492 /* PBXContainerItemProxy */ = {
			isa = PBXContainerItemProxy;
			containerPortal = 824800D92D2D73D000C4B492 /* Project object */;
			proxyType = 1;
			remoteGlobalIDString = 824800E02D2D73D000C4B492;
			remoteInfo = AsciiDigitalClock;
		};
/* End PBXContainerItemProxy section */

/* Begin PBXFileReference section */
		824800E12D2D73D000C4B492 /* AsciiDigitalClock.app */ = {isa = PBXFileReference; explicitFileType = wrapper.application; includeInIndex = 0; path = AsciiDigitalClock.app; sourceTree = BUILT_PRODUCTS_DIR; };
		824800F12D2D73D200C4B492 /* AsciiDigitalClockTests.xctest */ = {isa = PBXFileReference; explicitFileType = wrapper.cfbundle; includeInIndex = 0; path = AsciiDigitalClockTests.xctest; sourceTree = BUILT_PRODUCTS_DIR; };
		824800FB2D2D73D200C4B492 /* AsciiDigitalClockUITests.xctest */ = {isa = PBXFileReference; explicitFileType = wrapper.cfbundle; includeInIndex = 0; path = AsciiDigitalClockUITests.xctest; sourceTree = BUILT_PRODUCTS_DIR; };
/* End PBXFileReference section */

/* Begin PBXFileSystemSynchronizedRootGroup section */
		824800E32D2D73D000C4B492 /* AsciiDigitalClock */ = {
			isa = PBXFileSystemSynchronizedRootGroup;
			path = AsciiDigitalClock;
			sourceTree = "<group>";
		};
		824800F42D2D73D200C4B492 /* AsciiDigitalClockTests */ = {
			isa = PBXFileSystemSynchronizedRootGroup;
			path = AsciiDigitalClockTests;
			sourceTree = "<group>";
		};
		824800FE2D2D73D200C4B492 /* AsciiDigitalClockUITests */ = {
			isa = PBXFileSystemSynchronizedRootGroup;
			path = AsciiDigitalClockUITests;
			sourceTree = "<group>";
		};
/* End PBXFileSystemSynchronizedRootGroup section */

/* Begin PBXFrameworksBuildPhase section */
		824800DE2D2D73D000C4B492 /* Frameworks */ = {
			isa = PBXFrameworksBuildPhase;
			buildActionMask = 2147483647;
			files = (
			);
			runOnlyForDeploymentPostprocessing = 0;
		};
		824800EE2D2D73D200C4B492 /* Frameworks */ = {
			isa = PBXFrameworksBuildPhase;
			buildActionMask = 2147483647;
			files = (
			);
			runOnlyForDeploymentPostprocessing = 0;
		};
		824800F82D2D73D200C4B492 /* Frameworks */ = {
			isa = PBXFrameworksBuildPhase;
			buildActionMask = 2147483647;
			files = (
			);
			runOnlyForDeploymentPostprocessing = 0;
		};
/* End PBXFrameworksBuildPhase section */

/* Begin PBXGroup section */
		824800D82D2D73D000C4B492 = {
			isa = PBXGroup;
			children = (
				824800E32D2D73D000C4B492 /* AsciiDigitalClock */,
				824800F42D2D73D200C4B492 /* AsciiDigitalClockTests */,
				824800FE2D2D73D200C4B492 /* AsciiDigitalClockUITests */,
				824800E22D2D73D000C4B492 /* Products */,
			);
			sourceTree = "<group>";
		};
		824800E22D2D73D000C4B492 /* Products */ = {
			isa = PBXGroup;
			children = (
				824800E12D2D73D000C4B492 /* AsciiDigitalClock.app */,
				824800F12D2D73D200C4B492 /* AsciiDigitalClockTests.xctest */,
				824800FB2D2D73D200C4B492 /* AsciiDigitalClockUITests.xctest */,
			);
			name = Products;
			sourceTree = "<group>";
		};
/* End PBXGroup section */

/* Begin PBXNativeTarget section */
		824800E02D2D73D000C4B492 /* AsciiDigitalClock */ = {
			isa = PBXNativeTarget;
			buildConfigurationList = 824801052D2D73D200C4B492 /* Build configuration list for PBXNativeTarget "AsciiDigitalClock" */;
			buildPhases = (
				824800DD2D2D73D000C4B492 /* Sources */,
				824800DE2D2D73D000C4B492 /* Frameworks */,
				824800DF2D2D73D000C4B492 /* Resources */,
			);
			buildRules = (
			);
			dependencies = (
			);
			fileSystemSynchronizedGroups = (
				824800E32D2D73D000C4B492 /* AsciiDigitalClock */,
			);
			name = AsciiDigitalClock;
			packageProductDependencies = (
			);
			productName = AsciiDigitalClock;
			productReference = 824800E12D2D73D000C4B492 /* AsciiDigitalClock.app */;
			productType = "com.apple.product-type.application";
		};
		824800F02D2D73D200C4B492 /* AsciiDigitalClockTests */ = {
			isa = PBXNativeTarget;
			buildConfigurationList = 824801082D2D73D200C4B492 /* Build configuration list for PBXNativeTarget "AsciiDigitalClockTests" */;
			buildPhases = (
				824800ED2D2D73D200C4B492 /* Sources */,
				824800EE2D2D73D200C4B492 /* Frameworks */,
				824800EF2D2D73D200C4B492 /* Resources */,
			);
			buildRules = (
			);
			dependencies = (
				824800F32D2D73D200C4B492 /* PBXTargetDependency */,
			);
			fileSystemSynchronizedGroups = (
				824800F42D2D73D200C4B492 /* AsciiDigitalClockTests */,
			);
			name = AsciiDigitalClockTests;
			packageProductDependencies = (
			);
			productName = AsciiDigitalClockTests;
			productReference = 824800F12D2D73D200C4B492 /* AsciiDigitalClockTests.xctest */;
			productType = "com.apple.product-type.bundle.unit-test";
		};
		824800FA2D2D73D200C4B492 /* AsciiDigitalClockUITests */ = {
			isa = PBXNativeTarget;
			buildConfigurationList = 8248010B2D2D73D200C4B492 /* Build configuration list for PBXNativeTarget "AsciiDigitalClockUITests" */;
			buildPhases = (
				824800F72D2D73D200C4B492 /* Sources */,
				824800F82D2D73D200C4B492 /* Frameworks */,
				824800F92D2D73D200C4B492 /* Resources */,
			);
			buildRules = (
			);
			dependencies = (
				824800FD2D2D73D200C4B492 /* PBXTargetDependency */,
			);
			fileSystemSynchronizedGroups = (
				824800FE2D2D73D200C4B492 /* AsciiDigitalClockUITests */,
			);
			name = AsciiDigitalClockUITests;
			packageProductDependencies = (
			);
			productName = AsciiDigitalClockUITests;
			productReference = 824800FB2D2D73D200C4B492 /* AsciiDigitalClockUITests.xctest */;
			productType = "com.apple.product-type.bundle.ui-testing";
		};
/* End PBXNativeTarget section */

/* Begin PBXProject section */
		824800D92D2D73D000C4B492 /* Project object */ = {
			isa = PBXProject;
			attributes = {
				BuildIndependentTargetsInParallel = 1;
				LastSwiftUpdateCheck = 1620;
				LastUpgradeCheck = 1620;
				TargetAttributes = {
					824800E02D2D73D000C4B492 = {
						CreatedOnToolsVersion = 16.2;
					};
					824800F02D2D73D200C4B492 = {
						CreatedOnToolsVersion = 16.2;
						TestTargetID = 824800E02D2D73D000C4B492;
					};
					824800FA2D2D73D200C4B492 = {
						CreatedOnToolsVersion = 16.2;
						TestTargetID = 824800E02D2D73D000C4B492;
					};
				};
			};
			buildConfigurationList = 824800DC2D2D73D000C4B492 /* Build configuration list for PBXProject "AsciiDigitalClock" */;
			developmentRegion = en;
			hasScannedForEncodings = 0;
			knownRegions = (
				en,
				Base,
			);
			mainGroup = 824800D82D2D73D000C4B492;
			minimizedProjectReferenceProxies = 1;
			preferredProjectObjectVersion = 77;
			productRefGroup = 824800E22D2D73D000C4B492 /* Products */;
			projectDirPath = "";
			projectRoot = "";
			targets = (
				824800E02D2D73D000C4B492 /* AsciiDigitalClock */,
				824800F02D2D73D200C4B492 /* AsciiDigitalClockTests */,
				824800FA2D2D73D200C4B492 /* AsciiDigitalClockUITests */,
			);
		};
/* End PBXProject section */

/* Begin PBXResourcesBuildPhase section */
		824800DF2D2D73D000C4B492 /* Resources */ = {
			isa = PBXResourcesBuildPhase;
			buildActionMask = 2147483647;
			files = (
			);
			runOnlyForDeploymentPostprocessing = 0;
		};
		824800EF2D2D73D200C4B492 /* Resources */ = {
			isa = PBXResourcesBuildPhase;
			buildActionMask = 2147483647;
			files = (
			);
			runOnlyForDeploymentPostprocessing = 0;
		};
		824800F92D2D73D200C4B492 /* Resources */ = {
			isa = PBXResourcesBuildPhase;
			buildActionMask = 2147483647;
			files = (
			);
			runOnlyForDeploymentPostprocessing = 0;
		};
/* End PBXResourcesBuildPhase section */

/* Begin PBXSourcesBuildPhase section */
		824800DD2D2D73D000C4B492 /* Sources */ = {
			isa = PBXSourcesBuildPhase;
			buildActionMask = 2147483647;
			files = (
			);
			runOnlyForDeploymentPostprocessing = 0;
		};
		824800ED2D2D73D200C4B492 /* Sources */ = {
			isa = PBXSourcesBuildPhase;
			buildActionMask = 2147483647;
			files = (
			);
			runOnlyForDeploymentPostprocessing = 0;
		};
		824800F72D2D73D200C4B492 /* Sources */ = {
			isa = PBXSourcesBuildPhase;
			buildActionMask = 2147483647;
			files = (
			);
			runOnlyForDeploymentPostprocessing = 0;
		};
/* End PBXSourcesBuildPhase section */

/* Begin PBXTargetDependency section */
		824800F32D2D73D200C4B492 /* PBXTargetDependency */ = {
			isa = PBXTargetDependency;
			target = 824800E02D2D73D000C4B492 /* AsciiDigitalClock */;
			targetProxy = 824800F22D2D73D200C4B492 /* PBXContainerItemProxy */;
		};
		824800FD2D2D73D200C4B492 /* PBXTargetDependency */ = {
			isa = PBXTargetDependency;
			target = 824800E02D2D73D000C4B492 /* AsciiDigitalClock */;
			targetProxy = 824800FC2D2D73D200C4B492 /* PBXContainerItemProxy */;
		};
/* End PBXTargetDependency section */

/* Begin XCBuildConfiguration section */
		824801032D2D73D200C4B492 /* Debug */ = {
			isa = XCBuildConfiguration;
			buildSettings = {
				ALWAYS_SEARCH_USER_PATHS = NO;
				ASSETCATALOG_COMPILER_GENERATE_SWIFT_ASSET_SYMBOL_EXTENSIONS = YES;
				CLANG_ANALYZER_NONNULL = YES;
				CLANG_ANALYZER_NUMBER_OBJECT_CONVERSION = YES_AGGRESSIVE;
				CLANG_CXX_LANGUAGE_STANDARD = "gnu++20";
				CLANG_ENABLE_MODULES = YES;
				CLANG_ENABLE_OBJC_ARC = YES;
				CLANG_ENABLE_OBJC_WEAK = YES;
				CLANG_WARN_BLOCK_CAPTURE_AUTORELEASING = YES;
				CLANG_WARN_BOOL_CONVERSION = YES;
				CLANG_WARN_COMMA = YES;
				CLANG_WARN_CONSTANT_CONVERSION = YES;
				CLANG_WARN_DEPRECATED_OBJC_IMPLEMENTATIONS = YES;
				CLANG_WARN_DIRECT_OBJC_ISA_USAGE = YES_ERROR;
				CLANG_WARN_DOCUMENTATION_COMMENTS = YES;
				CLANG_WARN_EMPTY_BODY = YES;
				CLANG_WARN_ENUM_CONVERSION = YES;
				CLANG_WARN_INFINITE_RECURSION = YES;
				CLANG_WARN_INT_CONVERSION = YES;
				CLANG_WARN_NON_LITERAL_NULL_CONVERSION = YES;
				CLANG_WARN_OBJC_IMPLICIT_RETAIN_SELF = YES;
				CLANG_WARN_OBJC_LITERAL_CONVERSION = YES;
				CLANG_WARN_OBJC_ROOT_CLASS = YES_ERROR;
				CLANG_WARN_QUOTED_INCLUDE_IN_FRAMEWORK_HEADER = YES;
				CLANG_WARN_RANGE_LOOP_ANALYSIS = YES;
				CLANG_WARN_STRICT_PROTOTYPES = YES;
				CLANG_WARN_SUSPICIOUS_MOVE = YES;
				CLANG_WARN_UNGUARDED_AVAILABILITY = YES_AGGRESSIVE;
				CLANG_WARN_UNREACHABLE_CODE = YES;
				CLANG_WARN__DUPLICATE_METHOD_MATCH = YES;
				COPY_PHASE_STRIP = NO;
				DEBUG_INFORMATION_FORMAT = dwarf;
				ENABLE_STRICT_OBJC_MSGSEND = YES;
				ENABLE_TESTABILITY = YES;
				ENABLE_USER_SCRIPT_SANDBOXING = YES;
				GCC_C_LANGUAGE_STANDARD = gnu17;
				GCC_DYNAMIC_NO_PIC = NO;
				GCC_NO_COMMON_BLOCKS = YES;
				GCC_OPTIMIZATION_LEVEL = 0;
				GCC_PREPROCESSOR_DEFINITIONS = (
					"DEBUG=1",
					"$(inherited)",
				);
				GCC_WARN_64_TO_32_BIT_CONVERSION = YES;
				GCC_WARN_ABOUT_RETURN_TYPE = YES_ERROR;
				GCC_WARN_UNDECLARED_SELECTOR = YES;
				GCC_WARN_UNINITIALIZED_AUTOS = YES_AGGRESSIVE;
				GCC_WARN_UNUSED_FUNCTION = YES;
				GCC_WARN_UNUSED_VARIABLE = YES;
				IPHONEOS_DEPLOYMENT_TARGET = 18.2;
				LOCALIZATION_PREFERS_STRING_CATALOGS = YES;
				MTL_ENABLE_DEBUG_INFO = INCLUDE_SOURCE;
				MTL_FAST_MATH = YES;
				ONLY_ACTIVE_ARCH = YES;
				SDKROOT = iphoneos;
				SWIFT_ACTIVE_COMPILATION_CONDITIONS = "DEBUG $(inherited)";
				SWIFT_OPTIMIZATION_LEVEL = "-Onone";
			};
			name = Debug;
		};
		824801042D2D73D200C4B492 /* Release */ = {
			isa = XCBuildConfiguration;
			buildSettings = {
				ALWAYS_SEARCH_USER_PATHS = NO;
				ASSETCATALOG_COMPILER_GENERATE_SWIFT_ASSET_SYMBOL_EXTENSIONS = YES;
				CLANG_ANALYZER_NONNULL = YES;
				CLANG_ANALYZER_NUMBER_OBJECT_CONVERSION = YES_AGGRESSIVE;
				CLANG_CXX_LANGUAGE_STANDARD = "gnu++20";
				CLANG_ENABLE_MODULES = YES;
				CLANG_ENABLE_OBJC_ARC = YES;
				CLANG_ENABLE_OBJC_WEAK = YES;
				CLANG_WARN_BLOCK_CAPTURE_AUTORELEASING = YES;
				CLANG_WARN_BOOL_CONVERSION = YES;
				CLANG_WARN_COMMA = YES;
				CLANG_WARN_CONSTANT_CONVERSION = YES;
				CLANG_WARN_DEPRECATED_OBJC_IMPLEMENTATIONS = YES;
				CLANG_WARN_DIRECT_OBJC_ISA_USAGE = YES_ERROR;
				CLANG_WARN_DOCUMENTATION_COMMENTS = YES;
				CLANG_WARN_EMPTY_BODY = YES;
				CLANG_WARN_ENUM_CONVERSION = YES;
				CLANG_WARN_INFINITE_RECURSION = YES;
				CLANG_WARN_INT_CONVERSION = YES;
				CLANG_WARN_NON_LITERAL_NULL_CONVERSION = YES;
				CLANG_WARN_OBJC_IMPLICIT_RETAIN_SELF = YES;
				CLANG_WARN_OBJC_LITERAL_CONVERSION = YES;
				CLANG_WARN_OBJC_ROOT_CLASS = YES_ERROR;
				CLANG_WARN_QUOTED_INCLUDE_IN_FRAMEWORK_HEADER = YES;
				CLANG_WARN_RANGE_LOOP_ANALYSIS = YES;
				CLANG_WARN_STRICT_PROTOTYPES = YES;
				CLANG_WARN_SUSPICIOUS_MOVE = YES;
				CLANG_WARN_UNGUARDED_AVAILABILITY = YES_AGGRESSIVE;
				CLANG_WARN_UNREACHABLE_CODE = YES;
				CLANG_WARN__DUPLICATE_METHOD_MATCH = YES;
				COPY_PHASE_STRIP = NO;
				DEBUG_INFORMATION_FORMAT = "dwarf-with-dsym";
				ENABLE_NS_ASSERTIONS = NO;
				ENABLE_STRICT_OBJC_MSGSEND = YES;
				ENABLE_USER_SCRIPT_SANDBOXING = YES;
				GCC_C_LANGUAGE_STANDARD = gnu17;
				GCC_NO_COMMON_BLOCKS = YES;
				GCC_WARN_64_TO_32_BIT_CONVERSION = YES;
				GCC_WARN_ABOUT_RETURN_TYPE = YES_ERROR;
				GCC_WARN_UNDECLARED_SELECTOR = YES;
				GCC_WARN_UNINITIALIZED_AUTOS = YES_AGGRESSIVE;
				GCC_WARN_UNUSED_FUNCTION = YES;
				GCC_WARN_UNUSED_VARIABLE = YES;
				IPHONEOS_DEPLOYMENT_TARGET = 18.2;
				LOCALIZATION_PREFERS_STRING_CATALOGS = YES;
				MTL_ENABLE_DEBUG_INFO = NO;
				MTL_FAST_MATH = YES;
				SDKROOT = iphoneos;
				SWIFT_COMPILATION_MODE = wholemodule;
				VALIDATE_PRODUCT = YES;
			};
			name = Release;
		};
		824801062D2D73D200C4B492 /* Debug */ = {
			isa = XCBuildConfiguration;
			buildSettings = {
				ASSETCATALOG_COMPILER_APPICON_NAME = AppIcon;
				ASSETCATALOG_COMPILER_GLOBAL_ACCENT_COLOR_NAME = AccentColor;
				CODE_SIGN_STYLE = Automatic;
				CURRENT_PROJECT_VERSION = 1;
				DEVELOPMENT_ASSET_PATHS = "\"AsciiDigitalClock/Preview Content\"";
				ENABLE_PREVIEWS = YES;
				GENERATE_INFOPLIST_FILE = YES;
				INFOPLIST_KEY_UIApplicationSceneManifest_Generation = YES;
				INFOPLIST_KEY_UIApplicationSupportsIndirectInputEvents = YES;
				INFOPLIST_KEY_UILaunchScreen_Generation = YES;
				INFOPLIST_KEY_UISupportedInterfaceOrientations = "UIInterfaceOrientationLandscapeLeft UIInterfaceOrientationLandscapeRight";
				INFOPLIST_KEY_UISupportedInterfaceOrientations_iPad = "UIInterfaceOrientationLandscapeLeft UIInterfaceOrientationLandscapeRight UIInterfaceOrientationPortrait UIInterfaceOrientationPortraitUpsideDown";
				LD_RUNPATH_SEARCH_PATHS = (
					"$(inherited)",
					"@executable_path/Frameworks",
				);
				MARKETING_VERSION = 1.0;
				PRODUCT_BUNDLE_IDENTIFIER = com.jotgatech.AsciiDigitalClock;
				PRODUCT_NAME = "$(TARGET_NAME)";
				SWIFT_EMIT_LOC_STRINGS = YES;
				SWIFT_VERSION = 5.0;
				TARGETED_DEVICE_FAMILY = "1,2";
			};
			name = Debug;
		};
		824801072D2D73D200C4B492 /* Release */ = {
			isa = XCBuildConfiguration;
			buildSettings = {
				ASSETCATALOG_COMPILER_APPICON_NAME = AppIcon;
				ASSETCATALOG_COMPILER_GLOBAL_ACCENT_COLOR_NAME = AccentColor;
				CODE_SIGN_STYLE = Automatic;
				CURRENT_PROJECT_VERSION = 1;
				DEVELOPMENT_ASSET_PATHS = "\"AsciiDigitalClock/Preview Content\"";
				ENABLE_PREVIEWS = YES;
				GENERATE_INFOPLIST_FILE = YES;
				INFOPLIST_KEY_UIApplicationSceneManifest_Generation = YES;
				INFOPLIST_KEY_UIApplicationSupportsIndirectInputEvents = YES;
				INFOPLIST_KEY_UILaunchScreen_Generation = YES;
				INFOPLIST_KEY_UISupportedInterfaceOrientations = "UIInterfaceOrientationLandscapeLeft UIInterfaceOrientationLandscapeRight";
				INFOPLIST_KEY_UISupportedInterfaceOrientations_iPad = "UIInterfaceOrientationLandscapeLeft UIInterfaceOrientationLandscapeRight UIInterfaceOrientationPortrait UIInterfaceOrientationPortraitUpsideDown";
				LD_RUNPATH_SEARCH_PATHS = (
					"$(inherited)",
					"@executable_path/Frameworks",
				);
				MARKETING_VERSION = 1.0;
				PRODUCT_BUNDLE_IDENTIFIER = com.jotgatech.AsciiDigitalClock;
				PRODUCT_NAME = "$(TARGET_NAME)";
				SWIFT_EMIT_LOC_STRINGS = YES;
				SWIFT_VERSION = 5.0;
				TARGETED_DEVICE_FAMILY = "1,2";
			};
			name = Release;
		};
		824801092D2D73D200C4B492 /* Debug */ = {
			isa = XCBuildConfiguration;
			buildSettings = {
				BUNDLE_LOADER = "$(TEST_HOST)";
				CODE_SIGN_STYLE = Automatic;
				CURRENT_PROJECT_VERSION = 1;
				GENERATE_INFOPLIST_FILE = YES;
				IPHONEOS_DEPLOYMENT_TARGET = 18.2;
				MARKETING_VERSION = 1.0;
				PRODUCT_BUNDLE_IDENTIFIER = com.jotgatech.AsciiDigitalClockTests;
				PRODUCT_NAME = "$(TARGET_NAME)";
				SWIFT_EMIT_LOC_STRINGS = NO;
				SWIFT_VERSION = 5.0;
				TARGETED_DEVICE_FAMILY = "1,2";
				TEST_HOST = "$(BUILT_PRODUCTS_DIR)/AsciiDigitalClock.app/$(BUNDLE_EXECUTABLE_FOLDER_PATH)/AsciiDigitalClock";
			};
			name = Debug;
		};
		8248010A2D2D73D200C4B492 /* Release */ = {
			isa = XCBuildConfiguration;
			buildSettings = {
				BUNDLE_LOADER = "$(TEST_HOST)";
				CODE_SIGN_STYLE = Automatic;
				CURRENT_PROJECT_VERSION = 1;
				GENERATE_INFOPLIST_FILE = YES;
				IPHONEOS_DEPLOYMENT_TARGET = 18.2;
				MARKETING_VERSION = 1.0;
				PRODUCT_BUNDLE_IDENTIFIER = com.jotgatech.AsciiDigitalClockTests;
				PRODUCT_NAME = "$(TARGET_NAME)";
				SWIFT_EMIT_LOC_STRINGS = NO;
				SWIFT_VERSION = 5.0;
				TARGETED_DEVICE_FAMILY = "1,2";
				TEST_HOST = "$(BUILT_PRODUCTS_DIR)/AsciiDigitalClock.app/$(BUNDLE_EXECUTABLE_FOLDER_PATH)/AsciiDigitalClock";
			};
			name = Release;
		};
		8248010C2D2D73D200C4B492 /* Debug */ = {
			isa = XCBuildConfiguration;
			buildSettings = {
				CODE_SIGN_STYLE = Automatic;
				CURRENT_PROJECT_VERSION = 1;
				GENERATE_INFOPLIST_FILE = YES;
				MARKETING_VERSION = 1.0;
				PRODUCT_BUNDLE_IDENTIFIER = com.jotgatech.AsciiDigitalClockUITests;
				PRODUCT_NAME = "$(TARGET_NAME)";
				SWIFT_EMIT_LOC_STRINGS = NO;
				SWIFT_VERSION = 5.0;
				TARGETED_DEVICE_FAMILY = "1,2";
				TEST_TARGET_NAME = AsciiDigitalClock;
			};
			name = Debug;
		};
		8248010D2D2D73D200C4B492 /* Release */ = {
			isa = XCBuildConfiguration;
			buildSettings = {
				CODE_SIGN_STYLE = Automatic;
				CURRENT_PROJECT_VERSION = 1;
				GENERATE_INFOPLIST_FILE = YES;
				MARKETING_VERSION = 1.0;
				PRODUCT_BUNDLE_IDENTIFIER = com.jotgatech.AsciiDigitalClockUITests;
				PRODUCT_NAME = "$(TARGET_NAME)";
				SWIFT_EMIT_LOC_STRINGS = NO;
				SWIFT_VERSION = 5.0;
				TARGETED_DEVICE_FAMILY = "1,2";
				TEST_TARGET_NAME = AsciiDigitalClock;
			};
			name = Release;
		};
/* End XCBuildConfiguration section */

/* Begin XCConfigurationList section */
		824800DC2D2D73D000C4B492 /* Build configuration list for PBXProject "AsciiDigitalClock" */ = {
			isa = XCConfigurationList;
			buildConfigurations = (
				824801032D2D73D200C4B492 /* Debug */,
				824801042D2D73D200C4B492 /* Release */,
			);
			defaultConfigurationIsVisible = 0;
			defaultConfigurationName = Release;
		};
		824801052D2D73D200C4B492 /* Build configuration list for PBXNativeTarget "AsciiDigitalClock" */ = {
			isa = XCConfigurationList;
			buildConfigurations = (
				824801062D2D73D200C4B492 /* Debug */,
				824801072D2D73D200C4B492 /* Release */,
			);
			defaultConfigurationIsVisible = 0;
			defaultConfigurationName = Release;
		};
		824801082D2D73D200C4B492 /* Build configuration list for PBXNativeTarget "AsciiDigitalClockTests" */ = {
			isa = XCConfigurationList;
			buildConfigurations = (
				824801092D2D73D200C4B492 /* Debug */,
				8248010A2D2D73D200C4B492 /* Release */,
			);
			defaultConfigurationIsVisible = 0;
			defaultConfigurationName = Release;
		};
		8248010B2D2D73D200C4B492 /* Build configuration list for PBXNativeTarget "AsciiDigitalClockUITests" */ = {
			isa = XCConfigurationList;
			buildConfigurations = (
				8248010C2D2D73D200C4B492 /* Debug */,
				8248010D2D2D73D200C4B492 /* Release */,
			);
			defaultConfigurationIsVisible = 0;
			defaultConfigurationName = Release;
		};
/* End XCConfigurationList section */
	};
	rootObject = 824800D92D2D73D000C4B492 /* Project object */;
}
